
Microsoft Visual Studio Solution File, Format Version 12.00
# Visual Studio Version 16
VisualStudioVersion = 16.0.33801.447
MinimumVisualStudioVersion = 10.0.40219.1
Project("{FAE04EC0-301F-11D3-BF4B-00C04F79EFBC}") = "EXTRACLASE-PRADOGIRON", "EXTRACLASE-PRADOGIRON\EXTRACLASE-PRADOGIRON.csproj", "{FDF8CF65-DB08-420E-BE10-2A141F491EA3}"
EndProject
Global
	GlobalSection(SolutionConfigurationPlatforms) = preSolution
		Debug|Any CPU = Debug|Any CPU
		Release|Any CPU = Release|Any CPU
	EndGlobalSection
	GlobalSection(ProjectConfigurationPlatforms) = postSolution
		{FDF8CF65-DB08-420E-BE10-2A141F491EA3}.Debug|Any CPU.ActiveCfg = Debug|Any CPU
		{FDF8CF65-DB08-420E-BE10-2A141F491EA3}.Debug|Any CPU.Build.0 = Debug|Any CPU
		{FDF8CF65-DB08-420E-BE10-2A141F491EA3}.Release|Any CPU.ActiveCfg = Release|Any CPU
		{FDF8CF65-DB08-420E-BE10-2A141F491EA3}.Release|Any CPU.Build.0 = Release|Any CPU
	EndGlobalSection
	GlobalSection(SolutionProperties) = preSolution
		HideSolutionNode = FALSE
	EndGlobalSection
	GlobalSection(ExtensibilityGlobals) = postSolution
		SolutionGuid = {DE146029-A8D7-4914-BEA5-47E88F78E527}
	EndGlobalSection
EndGlobal
